{
    "name": "asp.net",
    "version": "1.0.0",
    "lockfileVersion": 1,
    "requires": true,
    "dependencies": {
        "bootstrap": {
            "version": "4.6.1",
            "resolved": "https://registry.npmjs.org/bootstrap/-/bootstrap-4.6.1.tgz",
            "integrity": "sha512-0dj+VgI9Ecom+rvvpNZ4MUZJz8dcX7WCX+eTID9+/8HgOkv3dsRzi8BGeZJCQU6flWQVYxwTQnEZFrmJSEO7og==",
            "dev": true
        },
        "jquery": {
            "version": "3.6.0",
            "resolved": "https://registry.npmjs.org/jquery/-/jquery-3.6.0.tgz",
            "integrity": "sha512-JVzAR/AjBvVt2BmYhxRCSYysDsPcssdmTFnzyLEts9qNwmjmu4JTAMYubEfwVOSwpQ1I1sKKFcxhZCI2buerfw==",
            "dev": true
        },
        "md.bootstrappersiandatetimepicker": {
            "version": "3.3.5",
            "resolved": "https://registry.npmjs.org/md.bootstrappersiandatetimepicker/-/md.bootstrappersiandatetimepicker-3.3.5.tgz",
            "integrity": "sha512-FjgfDDIqx840/HqDfJQ4dUDhnrJuBgOzGbpa8ZnIE6ESZB/9nZ2Spdq8R42oBHcz+zvsFEzPCTQQ+TyfsQTQ/A==",
            "dev": true,
            "requires": {
                "bootstrap": "^4.1.3",
                "jquery": "^3.3.1",
                "popper.js": "^1.14.5"
            }
        },
        "popper.js": {
            "version": "1.16.1",
            "resolved": "https://registry.npmjs.org/popper.js/-/popper.js-1.16.1.tgz",
            "integrity": "sha512-Wb4p1J4zyFTbM+u6WuO4XstYx4Ky9Cewe4DWrel7B0w6VVICvPwdOpotjzcf6eD8TsckVnIMNONQyPIUFOUbCQ==",
            "dev": true
        },
        "summernote": {
            "version": "0.8.15",
            "resolved": "https://registry.npmjs.org/summernote/-/summernote-0.8.15.tgz",
            "integrity": "sha512-52DYp7BWOLsAteMLHg+1pDgQMP5e6IfXmTpl4XnfY5JIMlOLUQtq6/5xwoV4C2d8T6xjvfuYJom9W2/4z28IeQ==",
            "dev": true,
            "requires": {
                "jquery": "^3.4.1"
            }
        },
        "sweetalert2": {
            "version": "11.7.1",
            "resolved": "https://registry.npmjs.org/sweetalert2/-/sweetalert2-11.7.1.tgz",
            "integrity": "sha512-+1bnkbqBl64FnZmi3g4SzAi4F3pL3S2jF1YQvrysv4GbgizfeFqGkJopxR3FnV/eJm6w2SQ2oAmCxSIBjgP/ag=="
        }
    }
}
